{
	"lockfileVersion": 1,
	"dependencies": {
		"lodash": {
			"version": "4.17.4",
			"resolved": "https://registry.npmjs.org/lodash/-/lodash-4.17.4.tgz",
			"integrity": "sha1-eCA6TRwyiuHYbcpkYONptX9AVa4="
		},
		"rxjs": {
			"version": "5.4.1",
			"resolved": "https://registry.npmjs.org/rxjs/-/rxjs-5.4.1.tgz",
			"integrity": "sha1-ti91fyeURdJloYpY+wpw3JDpFiY="
		},
		"symbol-observable": {
			"version": "1.0.4",
			"resolved": "https://registry.npmjs.org/symbol-observable/-/symbol-observable-1.0.4.tgz",
			"integrity": "sha1-Kb9hXUqnEhvdiYsi1LP5vE4qoD0="
		}
	}
}
